// !$*UTF8*$!
{
	archiveVersion = 1;
	classes = {
	};
	objectVersion = 77;
	objects = {

/* Begin PBXBuildFile section */
		7060153A2DB9B09900FB3D11 /* FirebaseAnalytics in Frameworks */ = {isa = PBXBuildFile; productRef = 706015392DB9B09900FB3D11 /* FirebaseAnalytics */; };
		7060153C2DB9B09900FB3D11 /* FirebaseAuth in Frameworks */ = {isa = PBXBuildFile; productRef = 7060153B2DB9B09900FB3D11 /* FirebaseAuth */; };
		7060153E2DB9B09900FB3D11 /* FirebaseCore in Frameworks */ = {isa = PBXBuildFile; productRef = 7060153D2DB9B09900FB3D11 /* FirebaseCore */; };
		706015402DB9B09900FB3D11 /* FirebaseFirestore in Frameworks */ = {isa = PBXBuildFile; productRef = 7060153F2DB9B09900FB3D11 /* FirebaseFirestore */; };
		708DD07E2DA9F4D70099C3D4 /* Dependencies in Frameworks */ = {isa = PBXBuildFile; productRef = 708DD07D2DA9F4D70099C3D4 /* Dependencies */; };
		708DD0802DA9F4D70099C3D4 /* DependenciesMacros in Frameworks */ = {isa = PBXBuildFile; productRef = 708DD07F2DA9F4D70099C3D4 /* DependenciesMacros */; };
/* End PBXBuildFile section */

/* Begin PBXContainerItemProxy section */
		708DD0502DA9E3670099C3D4 /* PBXContainerItemProxy */ = {
			isa = PBXContainerItemProxy;
			containerPortal = 708DD0372DA9E3640099C3D4 /* Project object */;
			proxyType = 1;
			remoteGlobalIDString = 708DD03E2DA9E3640099C3D4;
			remoteInfo = "Crypto-IOS";
		};
		708DD05A2DA9E3670099C3D4 /* PBXContainerItemProxy */ = {
			isa = PBXContainerItemProxy;
			containerPortal = 708DD0372DA9E3640099C3D4 /* Project object */;
			proxyType = 1;
			remoteGlobalIDString = 708DD03E2DA9E3640099C3D4;
			remoteInfo = "Crypto-IOS";
		};
/* End PBXContainerItemProxy section */

/* Begin PBXFileReference section */
		708DD03F2DA9E3640099C3D4 /* Crypto-IOS.app */ = {isa = PBXFileReference; explicitFileType = wrapper.application; includeInIndex = 0; path = "Crypto-IOS.app"; sourceTree = BUILT_PRODUCTS_DIR; };
		708DD04F2DA9E3670099C3D4 /* Crypto-IOSTests.xctest */ = {isa = PBXFileReference; explicitFileType = wrapper.cfbundle; includeInIndex = 0; path = "Crypto-IOSTests.xctest"; sourceTree = BUILT_PRODUCTS_DIR; };
		708DD0592DA9E3670099C3D4 /* Crypto-IOSUITests.xctest */ = {isa = PBXFileReference; explicitFileType = wrapper.cfbundle; includeInIndex = 0; path = "Crypto-IOSUITests.xctest"; sourceTree = BUILT_PRODUCTS_DIR; };
/* End PBXFileReference section */

/* Begin PBXFileSystemSynchronizedRootGroup section */
		708DD0412DA9E3640099C3D4 /* Crypto-IOS */ = {
			isa = PBXFileSystemSynchronizedRootGroup;
			path = "Crypto-IOS";
			sourceTree = "<group>";
		};
		708DD0522DA9E3670099C3D4 /* Crypto-IOSTests */ = {
			isa = PBXFileSystemSynchronizedRootGroup;
			path = "Crypto-IOSTests";
			sourceTree = "<group>";
		};
		708DD05C2DA9E3670099C3D4 /* Crypto-IOSUITests */ = {
			isa = PBXFileSystemSynchronizedRootGroup;
			path = "Crypto-IOSUITests";
			sourceTree = "<group>";
		};
/* End PBXFileSystemSynchronizedRootGroup section */

/* Begin PBXFrameworksBuildPhase section */
		708DD03C2DA9E3640099C3D4 /* Frameworks */ = {
			isa = PBXFrameworksBuildPhase;
			buildActionMask = 2147483647;
			files = (
				708DD0802DA9F4D70099C3D4 /* DependenciesMacros in Frameworks */,
				7060153E2DB9B09900FB3D11 /* FirebaseCore in Frameworks */,
				708DD07E2DA9F4D70099C3D4 /* Dependencies in Frameworks */,
				7060153A2DB9B09900FB3D11 /* FirebaseAnalytics in Frameworks */,
				7060153C2DB9B09900FB3D11 /* FirebaseAuth in Frameworks */,
				706015402DB9B09900FB3D11 /* FirebaseFirestore in Frameworks */,
			);
			runOnlyForDeploymentPostprocessing = 0;
		};
		708DD04C2DA9E3670099C3D4 /* Frameworks */ = {
			isa = PBXFrameworksBuildPhase;
			buildActionMask = 2147483647;
			files = (
			);
			runOnlyForDeploymentPostprocessing = 0;
		};
		708DD0562DA9E3670099C3D4 /* Frameworks */ = {
			isa = PBXFrameworksBuildPhase;
			buildActionMask = 2147483647;
			files = (
			);
			runOnlyForDeploymentPostprocessing = 0;
		};
/* End PBXFrameworksBuildPhase section */

/* Begin PBXGroup section */
		708DD0362DA9E3640099C3D4 = {
			isa = PBXGroup;
			children = (
				708DD0412DA9E3640099C3D4 /* Crypto-IOS */,
				708DD0522DA9E3670099C3D4 /* Crypto-IOSTests */,
				708DD05C2DA9E3670099C3D4 /* Crypto-IOSUITests */,
				708DD0402DA9E3640099C3D4 /* Products */,
			);
			sourceTree = "<group>";
		};
		708DD0402DA9E3640099C3D4 /* Products */ = {
			isa = PBXGroup;
			children = (
				708DD03F2DA9E3640099C3D4 /* Crypto-IOS.app */,
				708DD04F2DA9E3670099C3D4 /* Crypto-IOSTests.xctest */,
				708DD0592DA9E3670099C3D4 /* Crypto-IOSUITests.xctest */,
			);
			name = Products;
			sourceTree = "<group>";
		};
/* End PBXGroup section */

/* Begin PBXNativeTarget section */
		708DD03E2DA9E3640099C3D4 /* Crypto-IOS */ = {
			isa = PBXNativeTarget;
			buildConfigurationList = 708DD0632DA9E3670099C3D4 /* Build configuration list for PBXNativeTarget "Crypto-IOS" */;
			buildPhases = (
				708DD03B2DA9E3640099C3D4 /* Sources */,
				708DD03C2DA9E3640099C3D4 /* Frameworks */,
				708DD03D2DA9E3640099C3D4 /* Resources */,
			);
			buildRules = (
			);
			dependencies = (
			);
			fileSystemSynchronizedGroups = (
				708DD0412DA9E3640099C3D4 /* Crypto-IOS */,
			);
			name = "Crypto-IOS";
			packageProductDependencies = (
				708DD07D2DA9F4D70099C3D4 /* Dependencies */,
				708DD07F2DA9F4D70099C3D4 /* DependenciesMacros */,
				706015392DB9B09900FB3D11 /* FirebaseAnalytics */,
				7060153B2DB9B09900FB3D11 /* FirebaseAuth */,
				7060153D2DB9B09900FB3D11 /* FirebaseCore */,
				7060153F2DB9B09900FB3D11 /* FirebaseFirestore */,
			);
			productName = "Crypto-IOS";
			productReference = 708DD03F2DA9E3640099C3D4 /* Crypto-IOS.app */;
			productType = "com.apple.product-type.application";
		};
		708DD04E2DA9E3670099C3D4 /* Crypto-IOSTests */ = {
			isa = PBXNativeTarget;
			buildConfigurationList = 708DD0662DA9E3670099C3D4 /* Build configuration list for PBXNativeTarget "Crypto-IOSTests" */;
			buildPhases = (
				708DD04B2DA9E3670099C3D4 /* Sources */,
				708DD04C2DA9E3670099C3D4 /* Frameworks */,
				708DD04D2DA9E3670099C3D4 /* Resources */,
			);
			buildRules = (
			);
			dependencies = (
				708DD0512DA9E3670099C3D4 /* PBXTargetDependency */,
			);
			fileSystemSynchronizedGroups = (
				708DD0522DA9E3670099C3D4 /* Crypto-IOSTests */,
			);
			name = "Crypto-IOSTests";
			packageProductDependencies = (
			);
			productName = "Crypto-IOSTests";
			productReference = 708DD04F2DA9E3670099C3D4 /* Crypto-IOSTests.xctest */;
			productType = "com.apple.product-type.bundle.unit-test";
		};
		708DD0582DA9E3670099C3D4 /* Crypto-IOSUITests */ = {
			isa = PBXNativeTarget;
			buildConfigurationList = 708DD0692DA9E3670099C3D4 /* Build configuration list for PBXNativeTarget "Crypto-IOSUITests" */;
			buildPhases = (
				708DD0552DA9E3670099C3D4 /* Sources */,
				708DD0562DA9E3670099C3D4 /* Frameworks */,
				708DD0572DA9E3670099C3D4 /* Resources */,
			);
			buildRules = (
			);
			dependencies = (
				708DD05B2DA9E3670099C3D4 /* PBXTargetDependency */,
			);
			fileSystemSynchronizedGroups = (
				708DD05C2DA9E3670099C3D4 /* Crypto-IOSUITests */,
			);
			name = "Crypto-IOSUITests";
			packageProductDependencies = (
			);
			productName = "Crypto-IOSUITests";
			productReference = 708DD0592DA9E3670099C3D4 /* Crypto-IOSUITests.xctest */;
			productType = "com.apple.product-type.bundle.ui-testing";
		};
/* End PBXNativeTarget section */

/* Begin PBXProject section */
		708DD0372DA9E3640099C3D4 /* Project object */ = {
			isa = PBXProject;
			attributes = {
				BuildIndependentTargetsInParallel = 1;
				LastSwiftUpdateCheck = 1620;
				LastUpgradeCheck = 1620;
				TargetAttributes = {
					708DD03E2DA9E3640099C3D4 = {
						CreatedOnToolsVersion = 16.2;
					};
					708DD04E2DA9E3670099C3D4 = {
						CreatedOnToolsVersion = 16.2;
						TestTargetID = 708DD03E2DA9E3640099C3D4;
					};
					708DD0582DA9E3670099C3D4 = {
						CreatedOnToolsVersion = 16.2;
						TestTargetID = 708DD03E2DA9E3640099C3D4;
					};
				};
			};
			buildConfigurationList = 708DD03A2DA9E3640099C3D4 /* Build configuration list for PBXProject "Crypto-IOS" */;
			developmentRegion = en;
			hasScannedForEncodings = 0;
			knownRegions = (
				en,
				Base,
			);
			mainGroup = 708DD0362DA9E3640099C3D4;
			minimizedProjectReferenceProxies = 1;
			packageReferences = (
				708DD07C2DA9F4D70099C3D4 /* XCRemoteSwiftPackageReference "swift-dependencies" */,
				706015382DB9B09900FB3D11 /* XCRemoteSwiftPackageReference "firebase-ios-sdk" */,
			);
			preferredProjectObjectVersion = 77;
			productRefGroup = 708DD0402DA9E3640099C3D4 /* Products */;
			projectDirPath = "";
			projectRoot = "";
			targets = (
				708DD03E2DA9E3640099C3D4 /* Crypto-IOS */,
				708DD04E2DA9E3670099C3D4 /* Crypto-IOSTests */,
				708DD0582DA9E3670099C3D4 /* Crypto-IOSUITests */,
			);
		};
/* End PBXProject section */

/* Begin PBXResourcesBuildPhase section */
		708DD03D2DA9E3640099C3D4 /* Resources */ = {
			isa = PBXResourcesBuildPhase;
			buildActionMask = 2147483647;
			files = (
			);
			runOnlyForDeploymentPostprocessing = 0;
		};
		708DD04D2DA9E3670099C3D4 /* Resources */ = {
			isa = PBXResourcesBuildPhase;
			buildActionMask = 2147483647;
			files = (
			);
			runOnlyForDeploymentPostprocessing = 0;
		};
		708DD0572DA9E3670099C3D4 /* Resources */ = {
			isa = PBXResourcesBuildPhase;
			buildActionMask = 2147483647;
			files = (
			);
			runOnlyForDeploymentPostprocessing = 0;
		};
/* End PBXResourcesBuildPhase section */

/* Begin PBXSourcesBuildPhase section */
		708DD03B2DA9E3640099C3D4 /* Sources */ = {
			isa = PBXSourcesBuildPhase;
			buildActionMask = 2147483647;
			files = (
			);
			runOnlyForDeploymentPostprocessing = 0;
		};
		708DD04B2DA9E3670099C3D4 /* Sources */ = {
			isa = PBXSourcesBuildPhase;
			buildActionMask = 2147483647;
			files = (
			);
			runOnlyForDeploymentPostprocessing = 0;
		};
		708DD0552DA9E3670099C3D4 /* Sources */ = {
			isa = PBXSourcesBuildPhase;
			buildActionMask = 2147483647;
			files = (
			);
			runOnlyForDeploymentPostprocessing = 0;
		};
/* End PBXSourcesBuildPhase section */

/* Begin PBXTargetDependency section */
		708DD0512DA9E3670099C3D4 /* PBXTargetDependency */ = {
			isa = PBXTargetDependency;
			target = 708DD03E2DA9E3640099C3D4 /* Crypto-IOS */;
			targetProxy = 708DD0502DA9E3670099C3D4 /* PBXContainerItemProxy */;
		};
		708DD05B2DA9E3670099C3D4 /* PBXTargetDependency */ = {
			isa = PBXTargetDependency;
			target = 708DD03E2DA9E3640099C3D4 /* Crypto-IOS */;
			targetProxy = 708DD05A2DA9E3670099C3D4 /* PBXContainerItemProxy */;
		};
/* End PBXTargetDependency section */

/* Begin XCBuildConfiguration section */
		708DD0612DA9E3670099C3D4 /* Debug */ = {
			isa = XCBuildConfiguration;
			buildSettings = {
				ALWAYS_SEARCH_USER_PATHS = NO;
				ASSETCATALOG_COMPILER_GENERATE_SWIFT_ASSET_SYMBOL_EXTENSIONS = YES;
				CLANG_ANALYZER_NONNULL = YES;
				CLANG_ANALYZER_NUMBER_OBJECT_CONVERSION = YES_AGGRESSIVE;
				CLANG_CXX_LANGUAGE_STANDARD = "gnu++20";
				CLANG_ENABLE_MODULES = YES;
				CLANG_ENABLE_OBJC_ARC = YES;
				CLANG_ENABLE_OBJC_WEAK = YES;
				CLANG_WARN_BLOCK_CAPTURE_AUTORELEASING = YES;
				CLANG_WARN_BOOL_CONVERSION = YES;
				CLANG_WARN_COMMA = YES;
				CLANG_WARN_CONSTANT_CONVERSION = YES;
				CLANG_WARN_DEPRECATED_OBJC_IMPLEMENTATIONS = YES;
				CLANG_WARN_DIRECT_OBJC_ISA_USAGE = YES_ERROR;
				CLANG_WARN_DOCUMENTATION_COMMENTS = YES;
				CLANG_WARN_EMPTY_BODY = YES;
				CLANG_WARN_ENUM_CONVERSION = YES;
				CLANG_WARN_INFINITE_RECURSION = YES;
				CLANG_WARN_INT_CONVERSION = YES;
				CLANG_WARN_NON_LITERAL_NULL_CONVERSION = YES;
				CLANG_WARN_OBJC_IMPLICIT_RETAIN_SELF = YES;
				CLANG_WARN_OBJC_LITERAL_CONVERSION = YES;
				CLANG_WARN_OBJC_ROOT_CLASS = YES_ERROR;
				CLANG_WARN_QUOTED_INCLUDE_IN_FRAMEWORK_HEADER = YES;
				CLANG_WARN_RANGE_LOOP_ANALYSIS = YES;
				CLANG_WARN_STRICT_PROTOTYPES = YES;
				CLANG_WARN_SUSPICIOUS_MOVE = YES;
				CLANG_WARN_UNGUARDED_AVAILABILITY = YES_AGGRESSIVE;
				CLANG_WARN_UNREACHABLE_CODE = YES;
				CLANG_WARN__DUPLICATE_METHOD_MATCH = YES;
				COPY_PHASE_STRIP = NO;
				DEBUG_INFORMATION_FORMAT = dwarf;
				ENABLE_STRICT_OBJC_MSGSEND = YES;
				ENABLE_TESTABILITY = YES;
				ENABLE_USER_SCRIPT_SANDBOXING = YES;
				GCC_C_LANGUAGE_STANDARD = gnu17;
				GCC_DYNAMIC_NO_PIC = NO;
				GCC_NO_COMMON_BLOCKS = YES;
				GCC_OPTIMIZATION_LEVEL = 0;
				GCC_PREPROCESSOR_DEFINITIONS = (
					"DEBUG=1",
					"$(inherited)",
				);
				GCC_WARN_64_TO_32_BIT_CONVERSION = YES;
				GCC_WARN_ABOUT_RETURN_TYPE = YES_ERROR;
				GCC_WARN_UNDECLARED_SELECTOR = YES;
				GCC_WARN_UNINITIALIZED_AUTOS = YES_AGGRESSIVE;
				GCC_WARN_UNUSED_FUNCTION = YES;
				GCC_WARN_UNUSED_VARIABLE = YES;
				IPHONEOS_DEPLOYMENT_TARGET = 18.2;
				LOCALIZATION_PREFERS_STRING_CATALOGS = YES;
				MTL_ENABLE_DEBUG_INFO = INCLUDE_SOURCE;
				MTL_FAST_MATH = YES;
				ONLY_ACTIVE_ARCH = YES;
				SDKROOT = iphoneos;
				SWIFT_ACTIVE_COMPILATION_CONDITIONS = "DEBUG $(inherited)";
				SWIFT_OPTIMIZATION_LEVEL = "-Onone";
			};
			name = Debug;
		};
		708DD0622DA9E3670099C3D4 /* Release */ = {
			isa = XCBuildConfiguration;
			buildSettings = {
				ALWAYS_SEARCH_USER_PATHS = NO;
				ASSETCATALOG_COMPILER_GENERATE_SWIFT_ASSET_SYMBOL_EXTENSIONS = YES;
				CLANG_ANALYZER_NONNULL = YES;
				CLANG_ANALYZER_NUMBER_OBJECT_CONVERSION = YES_AGGRESSIVE;
				CLANG_CXX_LANGUAGE_STANDARD = "gnu++20";
				CLANG_ENABLE_MODULES = YES;
				CLANG_ENABLE_OBJC_ARC = YES;
				CLANG_ENABLE_OBJC_WEAK = YES;
				CLANG_WARN_BLOCK_CAPTURE_AUTORELEASING = YES;
				CLANG_WARN_BOOL_CONVERSION = YES;
				CLANG_WARN_COMMA = YES;
				CLANG_WARN_CONSTANT_CONVERSION = YES;
				CLANG_WARN_DEPRECATED_OBJC_IMPLEMENTATIONS = YES;
				CLANG_WARN_DIRECT_OBJC_ISA_USAGE = YES_ERROR;
				CLANG_WARN_DOCUMENTATION_COMMENTS = YES;
				CLANG_WARN_EMPTY_BODY = YES;
				CLANG_WARN_ENUM_CONVERSION = YES;
				CLANG_WARN_INFINITE_RECURSION = YES;
				CLANG_WARN_INT_CONVERSION = YES;
				CLANG_WARN_NON_LITERAL_NULL_CONVERSION = YES;
				CLANG_WARN_OBJC_IMPLICIT_RETAIN_SELF = YES;
				CLANG_WARN_OBJC_LITERAL_CONVERSION = YES;
				CLANG_WARN_OBJC_ROOT_CLASS = YES_ERROR;
				CLANG_WARN_QUOTED_INCLUDE_IN_FRAMEWORK_HEADER = YES;
				CLANG_WARN_RANGE_LOOP_ANALYSIS = YES;
				CLANG_WARN_STRICT_PROTOTYPES = YES;
				CLANG_WARN_SUSPICIOUS_MOVE = YES;
				CLANG_WARN_UNGUARDED_AVAILABILITY = YES_AGGRESSIVE;
				CLANG_WARN_UNREACHABLE_CODE = YES;
				CLANG_WARN__DUPLICATE_METHOD_MATCH = YES;
				COPY_PHASE_STRIP = NO;
				DEBUG_INFORMATION_FORMAT = "dwarf-with-dsym";
				ENABLE_NS_ASSERTIONS = NO;
				ENABLE_STRICT_OBJC_MSGSEND = YES;
				ENABLE_USER_SCRIPT_SANDBOXING = YES;
				GCC_C_LANGUAGE_STANDARD = gnu17;
				GCC_NO_COMMON_BLOCKS = YES;
				GCC_WARN_64_TO_32_BIT_CONVERSION = YES;
				GCC_WARN_ABOUT_RETURN_TYPE = YES_ERROR;
				GCC_WARN_UNDECLARED_SELECTOR = YES;
				GCC_WARN_UNINITIALIZED_AUTOS = YES_AGGRESSIVE;
				GCC_WARN_UNUSED_FUNCTION = YES;
				GCC_WARN_UNUSED_VARIABLE = YES;
				IPHONEOS_DEPLOYMENT_TARGET = 18.2;
				LOCALIZATION_PREFERS_STRING_CATALOGS = YES;
				MTL_ENABLE_DEBUG_INFO = NO;
				MTL_FAST_MATH = YES;
				SDKROOT = iphoneos;
				SWIFT_COMPILATION_MODE = wholemodule;
				VALIDATE_PRODUCT = YES;
			};
			name = Release;
		};
		708DD0642DA9E3670099C3D4 /* Debug */ = {
			isa = XCBuildConfiguration;
			buildSettings = {
				ASSETCATALOG_COMPILER_APPICON_NAME = AppIcon;
				ASSETCATALOG_COMPILER_GLOBAL_ACCENT_COLOR_NAME = AccentColor;
				CODE_SIGN_STYLE = Automatic;
				CURRENT_PROJECT_VERSION = 1;
				DEVELOPMENT_ASSET_PATHS = "\"Crypto-IOS/Preview Content\"";
				ENABLE_PREVIEWS = YES;
				GENERATE_INFOPLIST_FILE = YES;
				INFOPLIST_KEY_UIApplicationSceneManifest_Generation = YES;
				INFOPLIST_KEY_UIApplicationSupportsIndirectInputEvents = YES;
				INFOPLIST_KEY_UILaunchScreen_Generation = YES;
				INFOPLIST_KEY_UIStatusBarStyle = "";
				INFOPLIST_KEY_UISupportedInterfaceOrientations_iPad = "UIInterfaceOrientationPortrait UIInterfaceOrientationPortraitUpsideDown UIInterfaceOrientationLandscapeLeft UIInterfaceOrientationLandscapeRight";
				INFOPLIST_KEY_UISupportedInterfaceOrientations_iPhone = "UIInterfaceOrientationPortrait UIInterfaceOrientationLandscapeLeft UIInterfaceOrientationLandscapeRight";
				LD_RUNPATH_SEARCH_PATHS = (
					"$(inherited)",
					"@executable_path/Frameworks",
				);
				MARKETING_VERSION = 1.0;
				PRODUCT_BUNDLE_IDENTIFIER = "com.paulguzhnay.Crypto-IOS";
				PRODUCT_NAME = "$(TARGET_NAME)";
				SWIFT_EMIT_LOC_STRINGS = YES;
				SWIFT_VERSION = 5.0;
				TARGETED_DEVICE_FAMILY = "1,2";
			};
			name = Debug;
		};
		708DD0652DA9E3670099C3D4 /* Release */ = {
			isa = XCBuildConfiguration;
			buildSettings = {
				ASSETCATALOG_COMPILER_APPICON_NAME = AppIcon;
				ASSETCATALOG_COMPILER_GLOBAL_ACCENT_COLOR_NAME = AccentColor;
				CODE_SIGN_STYLE = Automatic;
				CURRENT_PROJECT_VERSION = 1;
				DEVELOPMENT_ASSET_PATHS = "\"Crypto-IOS/Preview Content\"";
				ENABLE_PREVIEWS = YES;
				GENERATE_INFOPLIST_FILE = YES;
				INFOPLIST_KEY_UIApplicationSceneManifest_Generation = YES;
				INFOPLIST_KEY_UIApplicationSupportsIndirectInputEvents = YES;
				INFOPLIST_KEY_UILaunchScreen_Generation = YES;
				INFOPLIST_KEY_UIStatusBarStyle = "";
				INFOPLIST_KEY_UISupportedInterfaceOrientations_iPad = "UIInterfaceOrientationPortrait UIInterfaceOrientationPortraitUpsideDown UIInterfaceOrientationLandscapeLeft UIInterfaceOrientationLandscapeRight";
				INFOPLIST_KEY_UISupportedInterfaceOrientations_iPhone = "UIInterfaceOrientationPortrait UIInterfaceOrientationLandscapeLeft UIInterfaceOrientationLandscapeRight";
				LD_RUNPATH_SEARCH_PATHS = (
					"$(inherited)",
					"@executable_path/Frameworks",
				);
				MARKETING_VERSION = 1.0;
				PRODUCT_BUNDLE_IDENTIFIER = "com.paulguzhnay.Crypto-IOS";
				PRODUCT_NAME = "$(TARGET_NAME)";
				SWIFT_EMIT_LOC_STRINGS = YES;
				SWIFT_VERSION = 5.0;
				TARGETED_DEVICE_FAMILY = "1,2";
			};
			name = Release;
		};
		708DD0672DA9E3670099C3D4 /* Debug */ = {
			isa = XCBuildConfiguration;
			buildSettings = {
				BUNDLE_LOADER = "$(TEST_HOST)";
				CODE_SIGN_STYLE = Automatic;
				CURRENT_PROJECT_VERSION = 1;
				GENERATE_INFOPLIST_FILE = YES;
				IPHONEOS_DEPLOYMENT_TARGET = 18.2;
				MARKETING_VERSION = 1.0;
				PRODUCT_BUNDLE_IDENTIFIER = "com.paulguzhnay.Crypto-IOSTests";
				PRODUCT_NAME = "$(TARGET_NAME)";
				SWIFT_EMIT_LOC_STRINGS = NO;
				SWIFT_VERSION = 5.0;
				TARGETED_DEVICE_FAMILY = "1,2";
				TEST_HOST = "$(BUILT_PRODUCTS_DIR)/Crypto-IOS.app/$(BUNDLE_EXECUTABLE_FOLDER_PATH)/Crypto-IOS";
			};
			name = Debug;
		};
		708DD0682DA9E3670099C3D4 /* Release */ = {
			isa = XCBuildConfiguration;
			buildSettings = {
				BUNDLE_LOADER = "$(TEST_HOST)";
				CODE_SIGN_STYLE = Automatic;
				CURRENT_PROJECT_VERSION = 1;
				GENERATE_INFOPLIST_FILE = YES;
				IPHONEOS_DEPLOYMENT_TARGET = 18.2;
				MARKETING_VERSION = 1.0;
				PRODUCT_BUNDLE_IDENTIFIER = "com.paulguzhnay.Crypto-IOSTests";
				PRODUCT_NAME = "$(TARGET_NAME)";
				SWIFT_EMIT_LOC_STRINGS = NO;
				SWIFT_VERSION = 5.0;
				TARGETED_DEVICE_FAMILY = "1,2";
				TEST_HOST = "$(BUILT_PRODUCTS_DIR)/Crypto-IOS.app/$(BUNDLE_EXECUTABLE_FOLDER_PATH)/Crypto-IOS";
			};
			name = Release;
		};
		708DD06A2DA9E3670099C3D4 /* Debug */ = {
			isa = XCBuildConfiguration;
			buildSettings = {
				CODE_SIGN_STYLE = Automatic;
				CURRENT_PROJECT_VERSION = 1;
				GENERATE_INFOPLIST_FILE = YES;
				MARKETING_VERSION = 1.0;
				PRODUCT_BUNDLE_IDENTIFIER = "com.paulguzhnay.Crypto-IOSUITests";
				PRODUCT_NAME = "$(TARGET_NAME)";
				SWIFT_EMIT_LOC_STRINGS = NO;
				SWIFT_VERSION = 5.0;
				TARGETED_DEVICE_FAMILY = "1,2";
				TEST_TARGET_NAME = "Crypto-IOS";
			};
			name = Debug;
		};
		708DD06B2DA9E3670099C3D4 /* Release */ = {
			isa = XCBuildConfiguration;
			buildSettings = {
				CODE_SIGN_STYLE = Automatic;
				CURRENT_PROJECT_VERSION = 1;
				GENERATE_INFOPLIST_FILE = YES;
				MARKETING_VERSION = 1.0;
				PRODUCT_BUNDLE_IDENTIFIER = "com.paulguzhnay.Crypto-IOSUITests";
				PRODUCT_NAME = "$(TARGET_NAME)";
				SWIFT_EMIT_LOC_STRINGS = NO;
				SWIFT_VERSION = 5.0;
				TARGETED_DEVICE_FAMILY = "1,2";
				TEST_TARGET_NAME = "Crypto-IOS";
			};
			name = Release;
		};
/* End XCBuildConfiguration section */

/* Begin XCConfigurationList section */
		708DD03A2DA9E3640099C3D4 /* Build configuration list for PBXProject "Crypto-IOS" */ = {
			isa = XCConfigurationList;
			buildConfigurations = (
				708DD0612DA9E3670099C3D4 /* Debug */,
				708DD0622DA9E3670099C3D4 /* Release */,
			);
			defaultConfigurationIsVisible = 0;
			defaultConfigurationName = Release;
		};
		708DD0632DA9E3670099C3D4 /* Build configuration list for PBXNativeTarget "Crypto-IOS" */ = {
			isa = XCConfigurationList;
			buildConfigurations = (
				708DD0642DA9E3670099C3D4 /* Debug */,
				708DD0652DA9E3670099C3D4 /* Release */,
			);
			defaultConfigurationIsVisible = 0;
			defaultConfigurationName = Release;
		};
		708DD0662DA9E3670099C3D4 /* Build configuration list for PBXNativeTarget "Crypto-IOSTests" */ = {
			isa = XCConfigurationList;
			buildConfigurations = (
				708DD0672DA9E3670099C3D4 /* Debug */,
				708DD0682DA9E3670099C3D4 /* Release */,
			);
			defaultConfigurationIsVisible = 0;
			defaultConfigurationName = Release;
		};
		708DD0692DA9E3670099C3D4 /* Build configuration list for PBXNativeTarget "Crypto-IOSUITests" */ = {
			isa = XCConfigurationList;
			buildConfigurations = (
				708DD06A2DA9E3670099C3D4 /* Debug */,
				708DD06B2DA9E3670099C3D4 /* Release */,
			);
			defaultConfigurationIsVisible = 0;
			defaultConfigurationName = Release;
		};
/* End XCConfigurationList section */

/* Begin XCRemoteSwiftPackageReference section */
		706015382DB9B09900FB3D11 /* XCRemoteSwiftPackageReference "firebase-ios-sdk" */ = {
			isa = XCRemoteSwiftPackageReference;
			repositoryURL = "https://github.com/firebase/firebase-ios-sdk";
			requirement = {
				kind = upToNextMajorVersion;
				minimumVersion = 11.12.0;
			};
		};
		708DD07C2DA9F4D70099C3D4 /* XCRemoteSwiftPackageReference "swift-dependencies" */ = {
			isa = XCRemoteSwiftPackageReference;
			repositoryURL = "https://github.com/pointfreeco/swift-dependencies";
			requirement = {
				kind = upToNextMajorVersion;
				minimumVersion = 1.9.1;
			};
		};
/* End XCRemoteSwiftPackageReference section */

/* Begin XCSwiftPackageProductDependency section */
		706015392DB9B09900FB3D11 /* FirebaseAnalytics */ = {
			isa = XCSwiftPackageProductDependency;
			package = 706015382DB9B09900FB3D11 /* XCRemoteSwiftPackageReference "firebase-ios-sdk" */;
			productName = FirebaseAnalytics;
		};
		7060153B2DB9B09900FB3D11 /* FirebaseAuth */ = {
			isa = XCSwiftPackageProductDependency;
			package = 706015382DB9B09900FB3D11 /* XCRemoteSwiftPackageReference "firebase-ios-sdk" */;
			productName = FirebaseAuth;
		};
		7060153D2DB9B09900FB3D11 /* FirebaseCore */ = {
			isa = XCSwiftPackageProductDependency;
			package = 706015382DB9B09900FB3D11 /* XCRemoteSwiftPackageReference "firebase-ios-sdk" */;
			productName = FirebaseCore;
		};
		7060153F2DB9B09900FB3D11 /* FirebaseFirestore */ = {
			isa = XCSwiftPackageProductDependency;
			package = 706015382DB9B09900FB3D11 /* XCRemoteSwiftPackageReference "firebase-ios-sdk" */;
			productName = FirebaseFirestore;
		};
		708DD07D2DA9F4D70099C3D4 /* Dependencies */ = {
			isa = XCSwiftPackageProductDependency;
			package = 708DD07C2DA9F4D70099C3D4 /* XCRemoteSwiftPackageReference "swift-dependencies" */;
			productName = Dependencies;
		};
		708DD07F2DA9F4D70099C3D4 /* DependenciesMacros */ = {
			isa = XCSwiftPackageProductDependency;
			package = 708DD07C2DA9F4D70099C3D4 /* XCRemoteSwiftPackageReference "swift-dependencies" */;
			productName = DependenciesMacros;
		};
/* End XCSwiftPackageProductDependency section */
	};
	rootObject = 708DD0372DA9E3640099C3D4 /* Project object */;
}
